
Microsoft Visual Studio Solution File, Format Version 12.00
# Visual Studio Version 16
VisualStudioVersion = 16.0.31624.102
MinimumVisualStudioVersion = 10.0.40219.1
Project("{9A19103F-16F7-4668-BE54-9A1E7A4F7556}") = "VATAPI", "VATAPI\VATAPI.csproj", "{AC8060A8-B787-47A7-88BB-B53F0E8817E1}"
EndProject
Global
	GlobalSection(SolutionConfigurationPlatforms) = preSolution
		Debug|Any CPU = Debug|Any CPU
		Release|Any CPU = Release|Any CPU
	EndGlobalSection
	GlobalSection(ProjectConfigurationPlatforms) = postSolution
		{AC8060A8-B787-47A7-88BB-B53F0E8817E1}.Debug|Any CPU.ActiveCfg = Debug|Any CPU
		{AC8060A8-B787-47A7-88BB-B53F0E8817E1}.Debug|Any CPU.Build.0 = Debug|Any CPU
		{AC8060A8-B787-47A7-88BB-B53F0E8817E1}.Release|Any CPU.ActiveCfg = Release|Any CPU
		{AC8060A8-B787-47A7-88BB-B53F0E8817E1}.Release|Any CPU.Build.0 = Release|Any CPU
	EndGlobalSection
	GlobalSection(SolutionProperties) = preSolution
		HideSolutionNode = FALSE
	EndGlobalSection
	GlobalSection(ExtensibilityGlobals) = postSolution
		SolutionGuid = {9DE14BE6-484B-4121-AC92-FF41C9405923}
	EndGlobalSection
EndGlobal
